<?xml version="1.0" encoding="utf-8"?>
<Project ToolsVersion="4.0" xmlns="http://schemas.microsoft.com/developer/msbuild/2003">
  <ItemGroup>
    <Filter Include="Source Files">
      <UniqueIdentifier>{4FC737F1-C7A5-4376-A066-2A32D752A2FF}</UniqueIdentifier>
      <Extensions>cpp;c;cc;cxx;c++;cppm;ixx;def;odl;idl;hpj;bat;asm;asmx</Extensions>
    </Filter>
    <Filter Include="Header Files">
      <UniqueIdentifier>{93995380-89BD-4b04-88EB-625FBE52EBFB}</UniqueIdentifier>
      <Extensions>h;hh;hpp;hxx;h++;hm;inl;inc;ipp;xsd</Extensions>
    </Filter>
    <Filter Include="Resource Files">
      <UniqueIdentifier>{67DA6AB6-F800-4c08-8B7A-83BB121AAD01}</UniqueIdentifier>
      <Extensions>rc;ico;cur;bmp;dlg;rc2;rct;bin;rgs;gif;jpg;jpeg;jpe;resx;tiff;tif;png;wav;mfcribbon-ms</Extensions>
    </Filter>
    <Filter Include="lib">
      <UniqueIdentifier>{d83617f4-4798-4a22-b3e1-6fec25abcdf5}</UniqueIdentifier>
    </Filter>
    <Filter Include="Source Files\shaders">
      <UniqueIdentifier>{ea518992-795e-4679-86ea-cb9c63af9013}</UniqueIdentifier>
    </Filter>
  </ItemGroup>
  <ItemGroup>
    <ClCompile Include="Projet.cpp">
      <Filter>Source Files</Filter>
    </ClCompile>
    <ClCompile Include="tiny_obj_loader.cc">
      <Filter>lib</Filter>
    </ClCompile>
  </ItemGroup>
  <ItemGroup>
    <Library Include="..\libs\glew-2.1.0\lib\Release\x64\glew32.lib">
      <Filter>lib</Filter>
    </Library>
    <Library Include="..\libs\glfw-3.4\lib-vc2022\glfw3.lib">
      <Filter>lib</Filter>
    </Library>
    <Library Include="..\libs\glfw-3.4\lib-vc2022\glfw3dll.lib">
      <Filter>lib</Filter>
    </Library>
  </ItemGroup>
  <ItemGroup>
    <None Include="..\libs\glew-2.1.0\bin\Release\x64\glew32.dll">
      <Filter>Source Files</Filter>
    </None>
    <None Include="fragment_shader.glsl">
      <Filter>Source Files</Filter>
    </None>
    <None Include="vertex_shader.glsl">
      <Filter>Source Files</Filter>
    </None>
  </ItemGroup>
  <ItemGroup>
    <ClInclude Include="tiny_obj_loader.h">
      <Filter>lib</Filter>
    </ClInclude>
  </ItemGroup>
  <ItemGroup>
    <Object Include="cube.obj">
      <Filter>Source Files</Filter>
    </Object>
    <Object Include="..\..\..\..\..\OneDrive - Siemens AG\Bureau\Tree1.obj">
      <Filter>Source Files</Filter>
    </Object>
    <Object Include="..\..\..\..\..\OneDrive - Siemens AG\Bureau\Wolf_obj.obj">
      <Filter>Source Files</Filter>
    </Object>
    <Object Include="..\..\..\..\..\OneDrive - Siemens AG\Bureau\Wolf_One_obj.obj">
      <Filter>Source Files</Filter>
    </Object>
  </ItemGroup>
</Project>