<?xml version="1.0" encoding="utf-8"?>
<Project ToolsVersion="4.0" xmlns="http://schemas.microsoft.com/developer/msbuild/2003">
  <ItemGroup>
    <Filter Include="Source Files">
      <UniqueIdentifier>{4FC737F1-C7A5-4376-A066-2A32D752A2FF}</UniqueIdentifier>
      <Extensions>cpp;c;cc;cxx;c++;cppm;ixx;def;odl;idl;hpj;bat;asm;asmx</Extensions>
    </Filter>
    <Filter Include="Header Files">
      <UniqueIdentifier>{93995380-89BD-4b04-88EB-625FBE52EBFB}</UniqueIdentifier>
      <Extensions>h;hh;hpp;hxx;h++;hm;inl;inc;ipp;xsd</Extensions>
    </Filter>
    <Filter Include="Resource Files">
      <UniqueIdentifier>{67DA6AB6-F800-4c08-8B7A-83BB121AAD01}</UniqueIdentifier>
      <Extensions>rc;ico;cur;bmp;dlg;rc2;rct;bin;rgs;gif;jpg;jpeg;jpe;resx;tiff;tif;png;wav;mfcribbon-ms</Extensions>
    </Filter>
    <Filter Include="lib">
      <UniqueIdentifier>{d83617f4-4798-4a22-b3e1-6fec25abcdf5}</UniqueIdentifier>
    </Filter>
    <Filter Include="Source Files\Objects">
      <UniqueIdentifier>{8980769a-81da-44fb-807c-78b66d21c351}</UniqueIdentifier>
    </Filter>
    <Filter Include="Source Files\Objects\Wolf">
      <UniqueIdentifier>{6a1cc664-957b-4c53-88a1-089bdaaf84fb}</UniqueIdentifier>
    </Filter>
    <Filter Include="Source Files\Objects\Human">
      <UniqueIdentifier>{bf281c39-2ca5-4767-b5ab-44950b5e5773}</UniqueIdentifier>
    </Filter>
    <Filter Include="Source Files\Objects\Cottage">
      <UniqueIdentifier>{75bad08a-2b74-476e-b064-980b54da5e90}</UniqueIdentifier>
    </Filter>
    <Filter Include="Source Files\Objects\OBJ">
      <UniqueIdentifier>{86f4dad0-85a0-48b1-8eee-bf9158075d76}</UniqueIdentifier>
    </Filter>
    <Filter Include="Source Files\Objects\OBJ\OBJ">
      <UniqueIdentifier>{3b2db516-0636-4004-a236-344cf9bc2922}</UniqueIdentifier>
    </Filter>
  </ItemGroup>
  <ItemGroup>
    <ClCompile Include="tiny_obj_loader.cc">
      <Filter>lib</Filter>
    </ClCompile>
    <ClCompile Include="main.cpp">
      <Filter>Source Files</Filter>
    </ClCompile>
    <ClCompile Include="Mat4.cpp">
      <Filter>Source Files</Filter>
    </ClCompile>
  </ItemGroup>
  <ItemGroup>
    <Library Include="..\libs\glew-2.1.0\lib\Release\x64\glew32.lib">
      <Filter>lib</Filter>
    </Library>
    <Library Include="..\libs\glfw-3.4\lib-vc2022\glfw3.lib">
      <Filter>lib</Filter>
    </Library>
    <Library Include="..\libs\glfw-3.4\lib-vc2022\glfw3dll.lib">
      <Filter>lib</Filter>
    </Library>
  </ItemGroup>
  <ItemGroup>
    <None Include="..\libs\glew-2.1.0\bin\Release\x64\glew32.dll">
      <Filter>Source Files</Filter>
    </None>
    <None Include="fragment_shader.glsl">
      <Filter>Source Files</Filter>
    </None>
    <None Include="vertex_shader.glsl">
      <Filter>Source Files</Filter>
    </None>
    <None Include="Objects\Wolf\Wolf_obj.mtl">
      <Filter>Source Files\Objects\Wolf</Filter>
    </None>
    <None Include="Objects\Cottage\cottage_obj.mtl">
      <Filter>Source Files\Objects\Cottage</Filter>
    </None>
    <None Include="FinalBaseMesh.mtl">
      <Filter>Source Files\Objects\Human</Filter>
    </None>
    <None Include="Objects\OBJ\OBJ.mtl">
      <Filter>Source Files\Objects\OBJ</Filter>
    </None>
  </ItemGroup>
  <ItemGroup>
    <ClInclude Include="tiny_obj_loader.h">
      <Filter>lib</Filter>
    </ClInclude>
    <ClInclude Include="stb_image.h">
      <Filter>Source Files</Filter>
    </ClInclude>
    <ClInclude Include="Mat4.h">
      <Filter>Header Files</Filter>
    </ClInclude>
  </ItemGroup>
  <ItemGroup>
    <Object Include="Objects\cube.obj">
      <Filter>Source Files\Objects</Filter>
    </Object>
    <Object Include="Objects\Wolf\Wolf_obj.obj">
      <Filter>Source Files\Objects\Wolf</Filter>
    </Object>
    <Object Include="Objects\Human\FinalBaseMesh.obj">
      <Filter>Source Files\Objects\Human</Filter>
    </Object>
    <Object Include="Objects\Cottage\cottage_obj.obj">
      <Filter>Source Files\Objects\Cottage</Filter>
    </Object>
    <Object Include="Objects\Human\FinalBaseMesh_with_UVs.obj">
      <Filter>Source Files\Objects\Human</Filter>
    </Object>
    <Object Include="Objects\OBJ\OBJ.obj">
      <Filter>Source Files\Objects\OBJ</Filter>
    </Object>
  </ItemGroup>
  <ItemGroup>
    <Image Include="Objects\texture.png">
      <Filter>Source Files\Objects</Filter>
    </Image>
    <Image Include="Objects\Wolf\Wolf_Body.jpg">
      <Filter>Source Files\Objects\Wolf</Filter>
    </Image>
    <Image Include="Objects\Wolf\Wolf_Eyes_1.jpg">
      <Filter>Source Files\Objects\Wolf</Filter>
    </Image>
    <Image Include="Objects\Wolf\Wolf_Eyes_2.jpg">
      <Filter>Source Files\Objects\Wolf</Filter>
    </Image>
    <Image Include="Objects\Wolf\Wolf_Fur.jpg">
      <Filter>Source Files\Objects\Wolf</Filter>
    </Image>
    <Image Include="Objects\Texture_Old_paint.jpg">
      <Filter>Source Files\Objects</Filter>
    </Image>
    <Image Include="Objects\Texture_humain.jpg">
      <Filter>Source Files\Objects\Human</Filter>
    </Image>
    <Image Include="Objects\Wolf\Texture_Wolf.jpg">
      <Filter>Source Files\Objects\Wolf</Filter>
    </Image>
    <Image Include="Objects\OBJ\OBJ\Eye_L_diffuse.png">
      <Filter>Source Files\Objects\OBJ\OBJ</Filter>
    </Image>
    <Image Include="Objects\OBJ\OBJ\Eye_L_metallic.png">
      <Filter>Source Files\Objects\OBJ\OBJ</Filter>
    </Image>
    <Image Include="Objects\OBJ\OBJ\Eye_L_roughness.png">
      <Filter>Source Files\Objects\OBJ\OBJ</Filter>
    </Image>
    <Image Include="Objects\OBJ\OBJ\Eye_Shine_diffuse.png">
      <Filter>Source Files\Objects\OBJ\OBJ</Filter>
    </Image>
    <Image Include="Objects\OBJ\OBJ\Eye_Shine_metallic.png">
      <Filter>Source Files\Objects\OBJ\OBJ</Filter>
    </Image>
    <Image Include="Objects\OBJ\OBJ\Eye_Shine_opacity.png">
      <Filter>Source Files\Objects\OBJ\OBJ</Filter>
    </Image>
    <Image Include="Objects\OBJ\OBJ\Eye_Shine_roughness.png">
      <Filter>Source Files\Objects\OBJ\OBJ</Filter>
    </Image>
    <Image Include="Objects\OBJ\OBJ\MI_CHR_Man_LeatherCoat_02_01_diffuse.png">
      <Filter>Source Files\Objects\OBJ\OBJ</Filter>
    </Image>
    <Image Include="Objects\OBJ\OBJ\MI_CHR_Man_LeatherCoat_02_01_metallic.png">
      <Filter>Source Files\Objects\OBJ\OBJ</Filter>
    </Image>
    <Image Include="Objects\OBJ\OBJ\MI_CHR_Man_LeatherCoat_02_01_roughness.png">
      <Filter>Source Files\Objects\OBJ\OBJ</Filter>
    </Image>
    <Image Include="Objects\OBJ\OBJ\Std_Skin_Arm_diffuse.png">
      <Filter>Source Files\Objects\OBJ\OBJ</Filter>
    </Image>
    <Image Include="Objects\OBJ\OBJ\Std_Skin_Arm_metallic.png">
      <Filter>Source Files\Objects\OBJ\OBJ</Filter>
    </Image>
    <Image Include="Objects\OBJ\OBJ\Std_Skin_Arm_roughness.png">
      <Filter>Source Files\Objects\OBJ\OBJ</Filter>
    </Image>
    <Image Include="Objects\OBJ\OBJ\Std_Skin_Head_diffuse.png">
      <Filter>Source Files\Objects\OBJ\OBJ</Filter>
    </Image>
    <Image Include="Objects\OBJ\OBJ\Std_Skin_Head_metallic.png">
      <Filter>Source Files\Objects\OBJ\OBJ</Filter>
    </Image>
    <Image Include="Objects\OBJ\OBJ\Std_Skin_Head_roughness.png">
      <Filter>Source Files\Objects\OBJ\OBJ</Filter>
    </Image>
    <Image Include="Objects\OBJ\OBJ\Std_Skin_Leg_diffuse.png">
      <Filter>Source Files\Objects\OBJ\OBJ</Filter>
    </Image>
    <Image Include="Objects\OBJ\OBJ\Std_Skin_Leg_metallic.png">
      <Filter>Source Files\Objects\OBJ\OBJ</Filter>
    </Image>
    <Image Include="Objects\OBJ\OBJ\Std_Skin_Leg_roughness.png">
      <Filter>Source Files\Objects\OBJ\OBJ</Filter>
    </Image>
    <Image Include="Objects\OBJ\OBJ\Cornea_metallic.png">
      <Filter>Source Files\Objects\OBJ\OBJ</Filter>
    </Image>
    <Image Include="Objects\OBJ\OBJ\Cornea_roughness.png">
      <Filter>Source Files\Objects\OBJ\OBJ</Filter>
    </Image>
    <Image Include="Objects\OBJ\OBJ\GaaraNinjaWar_GaaraNinjaWar_diffuse.png">
      <Filter>Source Files\Objects\OBJ\OBJ</Filter>
    </Image>
    <Image Include="Objects\OBJ\OBJ\GaaraNinjaWar_GaaraNinjaWar_metallic.png">
      <Filter>Source Files\Objects\OBJ\OBJ</Filter>
    </Image>
    <Image Include="Objects\OBJ\OBJ\GaaraNinjaWar_GaaraNinjaWar_roughness.png">
      <Filter>Source Files\Objects\OBJ\OBJ</Filter>
    </Image>
    <Image Include="Objects\OBJ\OBJ\MI_CHR_Man_LeatherCoat_02_00_diffuse.png">
      <Filter>Source Files\Objects\OBJ\OBJ</Filter>
    </Image>
    <Image Include="Objects\OBJ\OBJ\MI_CHR_Man_LeatherCoat_02_00_metallic.png">
      <Filter>Source Files\Objects\OBJ\OBJ</Filter>
    </Image>
    <Image Include="Objects\OBJ\OBJ\MI_CHR_Man_LeatherCoat_02_00_roughness.png">
      <Filter>Source Files\Objects\OBJ\OBJ</Filter>
    </Image>
    <Image Include="Objects\OBJ\OBJ\Sclera_diffuse.jpg">
      <Filter>Source Files\Objects\OBJ\OBJ</Filter>
    </Image>
    <Image Include="Objects\OBJ\OBJ\Sclera_metallic.png">
      <Filter>Source Files\Objects\OBJ\OBJ</Filter>
    </Image>
    <Image Include="Objects\OBJ\OBJ\Sclera_roughness.png">
      <Filter>Source Files\Objects\OBJ\OBJ</Filter>
    </Image>
    <Image Include="Objects\OBJ\OBJ\Std_Tongue_ao.jpg">
      <Filter>Source Files\Objects\OBJ\OBJ</Filter>
    </Image>
    <Image Include="Objects\OBJ\OBJ\Std_Tongue_diffuse.jpg">
      <Filter>Source Files\Objects\OBJ\OBJ</Filter>
    </Image>
    <Image Include="Objects\OBJ\OBJ\Std_Tongue_GradientAO.jpg">
      <Filter>Source Files\Objects\OBJ\OBJ</Filter>
    </Image>
    <Image Include="Objects\OBJ\OBJ\Std_Tongue_metallic.jpg">
      <Filter>Source Files\Objects\OBJ\OBJ</Filter>
    </Image>
    <Image Include="Objects\OBJ\OBJ\Std_Tongue_MicroNormal.png">
      <Filter>Source Files\Objects\OBJ\OBJ</Filter>
    </Image>
    <Image Include="Objects\OBJ\OBJ\Std_Tongue_normal.png">
      <Filter>Source Files\Objects\OBJ\OBJ</Filter>
    </Image>
    <Image Include="Objects\OBJ\OBJ\Std_Tongue_roughness.jpg">
      <Filter>Source Files\Objects\OBJ\OBJ</Filter>
    </Image>
    <Image Include="Objects\OBJ\OBJ\EyeMoisture_metallic.png">
      <Filter>Source Files\Objects\OBJ\OBJ</Filter>
    </Image>
    <Image Include="Objects\OBJ\OBJ\EyeMoisture_roughness.png">
      <Filter>Source Files\Objects\OBJ\OBJ</Filter>
    </Image>
    <Image Include="Objects\OBJ\OBJ\Irises_diffuse.jpg">
      <Filter>Source Files\Objects\OBJ\OBJ</Filter>
    </Image>
    <Image Include="Objects\OBJ\OBJ\Irises_metallic.png">
      <Filter>Source Files\Objects\OBJ\OBJ</Filter>
    </Image>
    <Image Include="Objects\OBJ\OBJ\Irises_roughness.png">
      <Filter>Source Files\Objects\OBJ\OBJ</Filter>
    </Image>
    <Image Include="Objects\OBJ\OBJ\MI_CHR_Man_LeatherCoat_02_diffuse.png">
      <Filter>Source Files\Objects\OBJ\OBJ</Filter>
    </Image>
    <Image Include="Objects\OBJ\OBJ\MI_CHR_Man_LeatherCoat_02_metallic.png">
      <Filter>Source Files\Objects\OBJ\OBJ</Filter>
    </Image>
    <Image Include="Objects\OBJ\OBJ\MI_CHR_Man_LeatherCoat_02_roughness.png">
      <Filter>Source Files\Objects\OBJ\OBJ</Filter>
    </Image>
    <Image Include="Objects\OBJ\OBJ\Mouth_diffuse.jpg">
      <Filter>Source Files\Objects\OBJ\OBJ</Filter>
    </Image>
    <Image Include="Objects\OBJ\OBJ\Mouth_metallic.png">
      <Filter>Source Files\Objects\OBJ\OBJ</Filter>
    </Image>
    <Image Include="Objects\OBJ\OBJ\Mouth_roughness.png">
      <Filter>Source Files\Objects\OBJ\OBJ</Filter>
    </Image>
    <Image Include="Objects\OBJ\OBJ\Pupils_diffuse.jpg">
      <Filter>Source Files\Objects\OBJ\OBJ</Filter>
    </Image>
    <Image Include="Objects\OBJ\OBJ\Pupils_metallic.png">
      <Filter>Source Files\Objects\OBJ\OBJ</Filter>
    </Image>
    <Image Include="Objects\OBJ\OBJ\Pupils_roughness.png">
      <Filter>Source Files\Objects\OBJ\OBJ</Filter>
    </Image>
    <Image Include="Objects\OBJ\OBJ\Std_Nails_diffuse.png">
      <Filter>Source Files\Objects\OBJ\OBJ</Filter>
    </Image>
    <Image Include="Objects\OBJ\OBJ\Std_Nails_metallic.png">
      <Filter>Source Files\Objects\OBJ\OBJ</Filter>
    </Image>
    <Image Include="Objects\OBJ\OBJ\Std_Nails_roughness.png">
      <Filter>Source Files\Objects\OBJ\OBJ</Filter>
    </Image>
    <Image Include="Objects\OBJ\OBJ\Std_Skin_Body_diffuse.png">
      <Filter>Source Files\Objects\OBJ\OBJ</Filter>
    </Image>
    <Image Include="Objects\OBJ\OBJ\Std_Skin_Body_metallic.png">
      <Filter>Source Files\Objects\OBJ\OBJ</Filter>
    </Image>
    <Image Include="Objects\OBJ\OBJ\Std_Skin_Body_roughness.png">
      <Filter>Source Files\Objects\OBJ\OBJ</Filter>
    </Image>
    <Image Include="Objects\OBJ\OBJ\Teeth_diffuse.jpg">
      <Filter>Source Files\Objects\OBJ\OBJ</Filter>
    </Image>
    <Image Include="Objects\OBJ\OBJ\Teeth_metallic.png">
      <Filter>Source Files\Objects\OBJ\OBJ</Filter>
    </Image>
    <Image Include="Objects\OBJ\OBJ\Teeth_roughness.png">
      <Filter>Source Files\Objects\OBJ\OBJ</Filter>
    </Image>
    <Image Include="Objects\OBJ\OBJ\Custom_HairMat_diffuse.png">
      <Filter>Source Files\Objects\OBJ\OBJ</Filter>
    </Image>
    <Image Include="Objects\OBJ\OBJ\Custom_HairMat_metallic.png">
      <Filter>Source Files\Objects\OBJ\OBJ</Filter>
    </Image>
    <Image Include="Objects\OBJ\OBJ\Custom_HairMat_roughness.png">
      <Filter>Source Files\Objects\OBJ\OBJ</Filter>
    </Image>
    <Image Include="Objects\OBJ\OBJ\Eye_R_diffuse.png">
      <Filter>Source Files\Objects\OBJ\OBJ</Filter>
    </Image>
    <Image Include="Objects\OBJ\OBJ\Eye_R_metallic.png">
      <Filter>Source Files\Objects\OBJ\OBJ</Filter>
    </Image>
    <Image Include="Objects\OBJ\OBJ\Eye_R_roughness.png">
      <Filter>Source Files\Objects\OBJ\OBJ</Filter>
    </Image>
    <Image Include="Objects\OBJ\OBJ\Std_Eyelash_diffuse.png">
      <Filter>Source Files\Objects\OBJ\OBJ</Filter>
    </Image>
    <Image Include="Objects\OBJ\OBJ\Std_Eyelash_metallic.png">
      <Filter>Source Files\Objects\OBJ\OBJ</Filter>
    </Image>
    <Image Include="Objects\OBJ\OBJ\Std_Eyelash_roughness.png">
      <Filter>Source Files\Objects\OBJ\OBJ</Filter>
    </Image>
  </ItemGroup>
</Project>